<?xml version="1.0" encoding="utf-8"?>
<Project ToolsVersion="4.0" xmlns="http://schemas.microsoft.com/developer/msbuild/2003">
  <ItemGroup>
    <Filter Include="Source Files">
      <UniqueIdentifier>{4FC737F1-C7A5-4376-A066-2A32D752A2FF}</UniqueIdentifier>
      <Extensions>cpp;c;cc;cxx;c++;def;odl;idl;hpj;bat;asm;asmx</Extensions>
    </Filter>
    <Filter Include="Header Files">
      <UniqueIdentifier>{93995380-89BD-4b04-88EB-625FBE52EBFB}</UniqueIdentifier>
      <Extensions>h;hh;hpp;hxx;h++;hm;inl;inc;ipp;xsd</Extensions>
    </Filter>
    <Filter Include="Resource Files">
      <UniqueIdentifier>{67DA6AB6-F800-4c08-8B7A-83BB121AAD01}</UniqueIdentifier>
      <Extensions>rc;ico;cur;bmp;dlg;rc2;rct;bin;rgs;gif;jpg;jpeg;jpe;resx;tiff;tif;png;wav;mfcribbon-ms</Extensions>
    </Filter>
    <Filter Include="Header Files\device_detection">
      <UniqueIdentifier>{e35a7158-1fa5-41de-8cd1-816953cc301a}</UniqueIdentifier>
    </Filter>
    <Filter Include="Source Files\device_detection">
      <UniqueIdentifier>{c0a138d5-6be9-4caa-a393-a624ca1ca0de}</UniqueIdentifier>
    </Filter>
  </ItemGroup>
  <ItemGroup>
    <ClInclude Include="application.hpp">
      <Filter>Header Files</Filter>
    </ClInclude>
    <ClInclude Include="workers.hpp">
      <Filter>Header Files</Filter>
    </ClInclude>
    <ClInclude Include="trace.hpp">
      <Filter>Header Files</Filter>
    </ClInclude>
    <ClInclude Include="listener.hpp">
      <Filter>Header Files</Filter>
    </ClInclude>
    <ClInclude Include="listener_impl.hpp">
      <Filter>Header Files</Filter>
    </ClInclude>
    <ClInclude Include="http_connection.hpp">
      <Filter>Header Files</Filter>
    </ClInclude>
    <ClInclude Include="http_connection_impl.hpp">
      <Filter>Header Files</Filter>
    </ClInclude>
    <ClInclude Include="device_detection\detect_nvidia_nvml.h">
      <Filter>Header Files\device_detection</Filter>
    </ClInclude>
    <ClInclude Include="device_detection\device_detection.h">
      <Filter>Header Files\device_detection</Filter>
    </ClInclude>
    <ClInclude Include="device_detection\detect_amd_adl.h">
      <Filter>Header Files\device_detection</Filter>
    </ClInclude>
  </ItemGroup>
  <ItemGroup>
    <ClCompile Include="application.cpp">
      <Filter>Source Files</Filter>
    </ClCompile>
    <ClCompile Include="main.cpp">
      <Filter>Source Files</Filter>
    </ClCompile>
    <ClCompile Include="workers.cpp">
      <Filter>Source Files</Filter>
    </ClCompile>
    <ClCompile Include="listener_impl.cpp">
      <Filter>Source Files</Filter>
    </ClCompile>
    <ClCompile Include="http_connection_impl.cpp">
      <Filter>Source Files</Filter>
    </ClCompile>
    <ClCompile Include="device_detection\detect_nvidia_nvml.cpp">
      <Filter>Source Files\device_detection</Filter>
    </ClCompile>
    <ClCompile Include="device_detection\device_detection.cpp">
      <Filter>Source Files\device_detection</Filter>
    </ClCompile>
    <ClCompile Include="device_detection\detect_amd_adl.cpp">
      <Filter>Source Files\device_detection</Filter>
    </ClCompile>
  </ItemGroup>
</Project>