
Microsoft Visual Studio Solution File, Format Version 12.00
# Visual Studio Version 16
VisualStudioVersion = 16.0.30204.135
MinimumVisualStudioVersion = 10.0.40219.1
Project("{8BC9CEB8-8B4A-11D0-8D11-00A0C91BC942}") = "DeviceDetectionServer", "DeviceDetectionServer.vcxproj", "{DF5E222C-3BE0-4CF3-A339-BA959362BEC3}"
EndProject
Global
	GlobalSection(SolutionConfigurationPlatforms) = preSolution
		Debug|x64 = Debug|x64
		Release|x64 = Release|x64
	EndGlobalSection
	GlobalSection(ProjectConfigurationPlatforms) = postSolution
		{DF5E222C-3BE0-4CF3-A339-BA959362BEC3}.Debug|x64.ActiveCfg = Release|x64
		{DF5E222C-3BE0-4CF3-A339-BA959362BEC3}.Debug|x64.Build.0 = Release|x64
		{DF5E222C-3BE0-4CF3-A339-BA959362BEC3}.Release|x64.ActiveCfg = Debug|x64
		{DF5E222C-3BE0-4CF3-A339-BA959362BEC3}.Release|x64.Build.0 = Debug|x64
	EndGlobalSection
	GlobalSection(SolutionProperties) = preSolution
		HideSolutionNode = FALSE
	EndGlobalSection
	GlobalSection(ExtensibilityGlobals) = postSolution
		SolutionGuid = {1731BC32-050B-4365-B3F7-3713D2A936B8}
	EndGlobalSection
EndGlobal
